
Microsoft Visual Studio Solution File, Format Version 12.00
# Visual Studio Version 17
VisualStudioVersion = 17.9.34714.143
MinimumVisualStudioVersion = 10.0.40219.1
Project("{FAE04EC0-301F-11D3-BF4B-00C04F79EFBC}") = "ConsoleApp1", "ConsoleApp1\ConsoleApp1.csproj", "{3CF53814-682E-49F2-B487-2AAA7C5E5A17}"
EndProject
Global
	GlobalSection(SolutionConfigurationPlatforms) = preSolution
		Debug|Any CPU = Debug|Any CPU
		Release|Any CPU = Release|Any CPU
	EndGlobalSection
	GlobalSection(ProjectConfigurationPlatforms) = postSolution
		{3CF53814-682E-49F2-B487-2AAA7C5E5A17}.Debug|Any CPU.ActiveCfg = Debug|Any CPU
		{3CF53814-682E-49F2-B487-2AAA7C5E5A17}.Debug|Any CPU.Build.0 = Debug|Any CPU
		{3CF53814-682E-49F2-B487-2AAA7C5E5A17}.Release|Any CPU.ActiveCfg = Release|Any CPU
		{3CF53814-682E-49F2-B487-2AAA7C5E5A17}.Release|Any CPU.Build.0 = Release|Any CPU
	EndGlobalSection
	GlobalSection(SolutionProperties) = preSolution
		HideSolutionNode = FALSE
	EndGlobalSection
	GlobalSection(ExtensibilityGlobals) = postSolution
		SolutionGuid = {F771DC38-D59D-40D7-80EB-1DC637C924E9}
	EndGlobalSection
EndGlobal
