
Microsoft Visual Studio Solution File, Format Version 12.00
# Visual Studio Version 17
VisualStudioVersion = 17.9.34714.143
MinimumVisualStudioVersion = 10.0.40219.1
Project("{9A19103F-16F7-4668-BE54-9A1E7A4F7556}") = "ConsoleApp1", "ConsoleApp1\ConsoleApp1.csproj", "{3CF53814-682E-49F2-B487-2AAA7C5E5A17}"
EndProject
Project("{9A19103F-16F7-4668-BE54-9A1E7A4F7556}") = "Calculat", "Calculat\Calculat.csproj", "{436108C0-37CA-40EE-B0C7-F7D9E1D14D4B}"
EndProject
Project("{9A19103F-16F7-4668-BE54-9A1E7A4F7556}") = "Homework4", "Homework4\Homework4.csproj", "{5B6197DA-7DBF-4019-823C-29F9205E5734}"
EndProject
Project("{FAE04EC0-301F-11D3-BF4B-00C04F79EFBC}") = "HomeWork5", "HomeWork5\HomeWork5.csproj", "{CF689800-E971-4EFF-9E80-A98D263A7683}"
EndProject
Project("{FAE04EC0-301F-11D3-BF4B-00C04F79EFBC}") = "HomeWork6", "HomeWork6\HomeWork6.csproj", "{90343053-E6A2-4178-AB6E-C34E7B17D95A}"
EndProject
Global
	GlobalSection(SolutionConfigurationPlatforms) = preSolution
		Debug|Any CPU = Debug|Any CPU
		Release|Any CPU = Release|Any CPU
	EndGlobalSection
	GlobalSection(ProjectConfigurationPlatforms) = postSolution
		{3CF53814-682E-49F2-B487-2AAA7C5E5A17}.Debug|Any CPU.ActiveCfg = Debug|Any CPU
		{3CF53814-682E-49F2-B487-2AAA7C5E5A17}.Debug|Any CPU.Build.0 = Debug|Any CPU
		{3CF53814-682E-49F2-B487-2AAA7C5E5A17}.Release|Any CPU.ActiveCfg = Release|Any CPU
		{3CF53814-682E-49F2-B487-2AAA7C5E5A17}.Release|Any CPU.Build.0 = Release|Any CPU
		{436108C0-37CA-40EE-B0C7-F7D9E1D14D4B}.Debug|Any CPU.ActiveCfg = Debug|Any CPU
		{436108C0-37CA-40EE-B0C7-F7D9E1D14D4B}.Debug|Any CPU.Build.0 = Debug|Any CPU
		{436108C0-37CA-40EE-B0C7-F7D9E1D14D4B}.Release|Any CPU.ActiveCfg = Release|Any CPU
		{436108C0-37CA-40EE-B0C7-F7D9E1D14D4B}.Release|Any CPU.Build.0 = Release|Any CPU
		{5B6197DA-7DBF-4019-823C-29F9205E5734}.Debug|Any CPU.ActiveCfg = Debug|Any CPU
		{5B6197DA-7DBF-4019-823C-29F9205E5734}.Debug|Any CPU.Build.0 = Debug|Any CPU
		{5B6197DA-7DBF-4019-823C-29F9205E5734}.Release|Any CPU.ActiveCfg = Release|Any CPU
		{5B6197DA-7DBF-4019-823C-29F9205E5734}.Release|Any CPU.Build.0 = Release|Any CPU
		{CF689800-E971-4EFF-9E80-A98D263A7683}.Debug|Any CPU.ActiveCfg = Debug|Any CPU
		{CF689800-E971-4EFF-9E80-A98D263A7683}.Debug|Any CPU.Build.0 = Debug|Any CPU
		{CF689800-E971-4EFF-9E80-A98D263A7683}.Release|Any CPU.ActiveCfg = Release|Any CPU
		{CF689800-E971-4EFF-9E80-A98D263A7683}.Release|Any CPU.Build.0 = Release|Any CPU
		{90343053-E6A2-4178-AB6E-C34E7B17D95A}.Debug|Any CPU.ActiveCfg = Debug|Any CPU
		{90343053-E6A2-4178-AB6E-C34E7B17D95A}.Debug|Any CPU.Build.0 = Debug|Any CPU
		{90343053-E6A2-4178-AB6E-C34E7B17D95A}.Release|Any CPU.ActiveCfg = Release|Any CPU
		{90343053-E6A2-4178-AB6E-C34E7B17D95A}.Release|Any CPU.Build.0 = Release|Any CPU
	EndGlobalSection
	GlobalSection(SolutionProperties) = preSolution
		HideSolutionNode = FALSE
	EndGlobalSection
	GlobalSection(ExtensibilityGlobals) = postSolution
		SolutionGuid = {F771DC38-D59D-40D7-80EB-1DC637C924E9}
	EndGlobalSection
EndGlobal
