
Microsoft Visual Studio Solution File, Format Version 12.00
# Visual Studio Version 17
VisualStudioVersion = 17.9.34714.143
MinimumVisualStudioVersion = 10.0.40219.1
Project("{9A19103F-16F7-4668-BE54-9A1E7A4F7556}") = "ConsoleApp1", "ConsoleApp1\ConsoleApp1.csproj", "{3CF53814-682E-49F2-B487-2AAA7C5E5A17}"
EndProject
Project("{FAE04EC0-301F-11D3-BF4B-00C04F79EFBC}") = "Calculat", "Calculat\Calculat.csproj", "{436108C0-37CA-40EE-B0C7-F7D9E1D14D4B}"
EndProject
Global
	GlobalSection(SolutionConfigurationPlatforms) = preSolution
		Debug|Any CPU = Debug|Any CPU
		Release|Any CPU = Release|Any CPU
	EndGlobalSection
	GlobalSection(ProjectConfigurationPlatforms) = postSolution
		{3CF53814-682E-49F2-B487-2AAA7C5E5A17}.Debug|Any CPU.ActiveCfg = Debug|Any CPU
		{3CF53814-682E-49F2-B487-2AAA7C5E5A17}.Debug|Any CPU.Build.0 = Debug|Any CPU
		{3CF53814-682E-49F2-B487-2AAA7C5E5A17}.Release|Any CPU.ActiveCfg = Release|Any CPU
		{3CF53814-682E-49F2-B487-2AAA7C5E5A17}.Release|Any CPU.Build.0 = Release|Any CPU
		{436108C0-37CA-40EE-B0C7-F7D9E1D14D4B}.Debug|Any CPU.ActiveCfg = Debug|Any CPU
		{436108C0-37CA-40EE-B0C7-F7D9E1D14D4B}.Debug|Any CPU.Build.0 = Debug|Any CPU
		{436108C0-37CA-40EE-B0C7-F7D9E1D14D4B}.Release|Any CPU.ActiveCfg = Release|Any CPU
		{436108C0-37CA-40EE-B0C7-F7D9E1D14D4B}.Release|Any CPU.Build.0 = Release|Any CPU
	EndGlobalSection
	GlobalSection(SolutionProperties) = preSolution
		HideSolutionNode = FALSE
	EndGlobalSection
	GlobalSection(ExtensibilityGlobals) = postSolution
		SolutionGuid = {F771DC38-D59D-40D7-80EB-1DC637C924E9}
	EndGlobalSection
EndGlobal
